
Microsoft Visual Studio Solution File, Format Version 12.00
# Visual Studio Version 17
VisualStudioVersion = 17.0.31903.59
MinimumVisualStudioVersion = 10.0.40219.1
Project("{FAE04EC0-301F-11D3-BF4B-00C04F79EFBC}") = "DESIGN_PATTERNS_C#", "DESIGN_PATTERNS_C#\DESIGN_PATTERNS_C#.csproj", "{D6E7ED01-317C-4EDC-A8F0-2A770F8A49DB}"
EndProject
Project("{FAE04EC0-301F-11D3-BF4B-00C04F79EFBC}") = "SOLID_PRINCIPLES", "SOLID_PRINCIPLES\SOLID_PRINCIPLES.csproj", "{C6051638-CB88-47B1-8EDE-10713679583D}"
EndProject
Global
	GlobalSection(SolutionConfigurationPlatforms) = preSolution
		Debug|Any CPU = Debug|Any CPU
		Release|Any CPU = Release|Any CPU
	EndGlobalSection
	GlobalSection(SolutionProperties) = preSolution
		HideSolutionNode = FALSE
	EndGlobalSection
	GlobalSection(ProjectConfigurationPlatforms) = postSolution
		{D6E7ED01-317C-4EDC-A8F0-2A770F8A49DB}.Debug|Any CPU.ActiveCfg = Debug|Any CPU
		{D6E7ED01-317C-4EDC-A8F0-2A770F8A49DB}.Debug|Any CPU.Build.0 = Debug|Any CPU
		{D6E7ED01-317C-4EDC-A8F0-2A770F8A49DB}.Release|Any CPU.ActiveCfg = Release|Any CPU
		{D6E7ED01-317C-4EDC-A8F0-2A770F8A49DB}.Release|Any CPU.Build.0 = Release|Any CPU
		{C6051638-CB88-47B1-8EDE-10713679583D}.Debug|Any CPU.ActiveCfg = Debug|Any CPU
		{C6051638-CB88-47B1-8EDE-10713679583D}.Debug|Any CPU.Build.0 = Debug|Any CPU
		{C6051638-CB88-47B1-8EDE-10713679583D}.Release|Any CPU.ActiveCfg = Release|Any CPU
		{C6051638-CB88-47B1-8EDE-10713679583D}.Release|Any CPU.Build.0 = Release|Any CPU
	EndGlobalSection
EndGlobal
